// !$*UTF8*$!
{
	archiveVersion = 1;
	classes = {
	};
	objectVersion = 56;
	objects = {

/* Begin PBXBuildFile section */
		913012112C12AA91001EFF99 /* ServiceProtocol.swift in Sources */ = {isa = PBXBuildFile; fileRef = 913012102C12AA91001EFF99 /* ServiceProtocol.swift */; };
		913012132C12AAD2001EFF99 /* ServiceMock.swift in Sources */ = {isa = PBXBuildFile; fileRef = 913012122C12AAD2001EFF99 /* ServiceMock.swift */; };
		913012152C12AB0C001EFF99 /* PreviewProvider.swift in Sources */ = {isa = PBXBuildFile; fileRef = 913012142C12AB0C001EFF99 /* PreviewProvider.swift */; };
		913012182C135CE5001EFF99 /* PostDetailsViewModel.swift in Sources */ = {isa = PBXBuildFile; fileRef = 913012172C135CE5001EFF99 /* PostDetailsViewModel.swift */; };
		9130121A2C138390001EFF99 /* PostCell.swift in Sources */ = {isa = PBXBuildFile; fileRef = 913012192C138390001EFF99 /* PostCell.swift */; };
		914831BD2C13965800BD0593 /* PostDetailsViewModelTests.swift in Sources */ = {isa = PBXBuildFile; fileRef = 914831BC2C13965800BD0593 /* PostDetailsViewModelTests.swift */; };
		914831C12C1399F000BD0593 /* PostsViewModelTests.swift in Sources */ = {isa = PBXBuildFile; fileRef = 914831C02C1399F000BD0593 /* PostsViewModelTests.swift */; };
		9196D22C2C124256000D00C4 /* FlickrApp.swift in Sources */ = {isa = PBXBuildFile; fileRef = 9196D22B2C124256000D00C4 /* FlickrApp.swift */; };
		9196D2302C124256000D00C4 /* Assets.xcassets in Resources */ = {isa = PBXBuildFile; fileRef = 9196D22F2C124256000D00C4 /* Assets.xcassets */; };
		9196D2332C124256000D00C4 /* Preview Assets.xcassets in Resources */ = {isa = PBXBuildFile; fileRef = 9196D2322C124256000D00C4 /* Preview Assets.xcassets */; };
		9196D23D2C124257000D00C4 /* StringExtensionsTests.swift in Sources */ = {isa = PBXBuildFile; fileRef = 9196D23C2C124257000D00C4 /* StringExtensionsTests.swift */; };
		9196D28F2C1242D9000D00C4 /* PostDetailsView.swift in Sources */ = {isa = PBXBuildFile; fileRef = 9196D2782C1242D9000D00C4 /* PostDetailsView.swift */; };
		9196D2902C1242D9000D00C4 /* PostsGridView.swift in Sources */ = {isa = PBXBuildFile; fileRef = 9196D27B2C1242D9000D00C4 /* PostsGridView.swift */; };
		9196D2912C1242D9000D00C4 /* PostsView.swift in Sources */ = {isa = PBXBuildFile; fileRef = 9196D27D2C1242D9000D00C4 /* PostsView.swift */; };
		9196D2922C1242D9000D00C4 /* PostsViewModel.swift in Sources */ = {isa = PBXBuildFile; fileRef = 9196D27F2C1242D9000D00C4 /* PostsViewModel.swift */; };
		9196D2932C1242D9000D00C4 /* CGSize+Extensions.swift in Sources */ = {isa = PBXBuildFile; fileRef = 9196D2832C1242D9000D00C4 /* CGSize+Extensions.swift */; };
		9196D2942C1242D9000D00C4 /* Date+Extensions.swift in Sources */ = {isa = PBXBuildFile; fileRef = 9196D2842C1242D9000D00C4 /* Date+Extensions.swift */; };
		9196D2952C1242D9000D00C4 /* String+Extensions.swift in Sources */ = {isa = PBXBuildFile; fileRef = 9196D2852C1242D9000D00C4 /* String+Extensions.swift */; };
		9196D2962C1242D9000D00C4 /* AppError.swift in Sources */ = {isa = PBXBuildFile; fileRef = 9196D2872C1242D9000D00C4 /* AppError.swift */; };
		9196D2972C1242D9000D00C4 /* Posts.swift in Sources */ = {isa = PBXBuildFile; fileRef = 9196D2882C1242D9000D00C4 /* Posts.swift */; };
		9196D2982C1242D9000D00C4 /* Post.swift in Sources */ = {isa = PBXBuildFile; fileRef = 9196D2892C1242D9000D00C4 /* Post.swift */; };
		9196D2992C1242D9000D00C4 /* PostMedia.swift in Sources */ = {isa = PBXBuildFile; fileRef = 9196D28A2C1242D9000D00C4 /* PostMedia.swift */; };
		9196D29A2C1242D9000D00C4 /* Service.swift in Sources */ = {isa = PBXBuildFile; fileRef = 9196D28C2C1242D9000D00C4 /* Service.swift */; };
/* End PBXBuildFile section */

/* Begin PBXContainerItemProxy section */
		9196D2392C124257000D00C4 /* PBXContainerItemProxy */ = {
			isa = PBXContainerItemProxy;
			containerPortal = 9196D2202C124256000D00C4 /* Project object */;
			proxyType = 1;
			remoteGlobalIDString = 9196D2272C124256000D00C4;
			remoteInfo = Flickr;
		};
		9196D2432C124257000D00C4 /* PBXContainerItemProxy */ = {
			isa = PBXContainerItemProxy;
			containerPortal = 9196D2202C124256000D00C4 /* Project object */;
			proxyType = 1;
			remoteGlobalIDString = 9196D2272C124256000D00C4;
			remoteInfo = Flickr;
		};
/* End PBXContainerItemProxy section */

/* Begin PBXFileReference section */
		913012102C12AA91001EFF99 /* ServiceProtocol.swift */ = {isa = PBXFileReference; lastKnownFileType = sourcecode.swift; path = ServiceProtocol.swift; sourceTree = "<group>"; };
		913012122C12AAD2001EFF99 /* ServiceMock.swift */ = {isa = PBXFileReference; lastKnownFileType = sourcecode.swift; path = ServiceMock.swift; sourceTree = "<group>"; };
		913012142C12AB0C001EFF99 /* PreviewProvider.swift */ = {isa = PBXFileReference; lastKnownFileType = sourcecode.swift; path = PreviewProvider.swift; sourceTree = "<group>"; };
		913012172C135CE5001EFF99 /* PostDetailsViewModel.swift */ = {isa = PBXFileReference; lastKnownFileType = sourcecode.swift; path = PostDetailsViewModel.swift; sourceTree = "<group>"; };
		913012192C138390001EFF99 /* PostCell.swift */ = {isa = PBXFileReference; lastKnownFileType = sourcecode.swift; path = PostCell.swift; sourceTree = "<group>"; };
		914831BC2C13965800BD0593 /* PostDetailsViewModelTests.swift */ = {isa = PBXFileReference; lastKnownFileType = sourcecode.swift; path = PostDetailsViewModelTests.swift; sourceTree = "<group>"; };
		914831C02C1399F000BD0593 /* PostsViewModelTests.swift */ = {isa = PBXFileReference; lastKnownFileType = sourcecode.swift; path = PostsViewModelTests.swift; sourceTree = "<group>"; };
		9196D2282C124256000D00C4 /* Flickr.app */ = {isa = PBXFileReference; explicitFileType = wrapper.application; includeInIndex = 0; path = Flickr.app; sourceTree = BUILT_PRODUCTS_DIR; };
		9196D22B2C124256000D00C4 /* FlickrApp.swift */ = {isa = PBXFileReference; lastKnownFileType = sourcecode.swift; path = FlickrApp.swift; sourceTree = "<group>"; };
		9196D22F2C124256000D00C4 /* Assets.xcassets */ = {isa = PBXFileReference; lastKnownFileType = folder.assetcatalog; path = Assets.xcassets; sourceTree = "<group>"; };
		9196D2322C124256000D00C4 /* Preview Assets.xcassets */ = {isa = PBXFileReference; lastKnownFileType = folder.assetcatalog; path = "Preview Assets.xcassets"; sourceTree = "<group>"; };
		9196D2382C124257000D00C4 /* FlickrTests.xctest */ = {isa = PBXFileReference; explicitFileType = wrapper.cfbundle; includeInIndex = 0; path = FlickrTests.xctest; sourceTree = BUILT_PRODUCTS_DIR; };
		9196D23C2C124257000D00C4 /* StringExtensionsTests.swift */ = {isa = PBXFileReference; lastKnownFileType = sourcecode.swift; path = StringExtensionsTests.swift; sourceTree = "<group>"; };
		9196D2422C124257000D00C4 /* FlickrUITests.xctest */ = {isa = PBXFileReference; explicitFileType = wrapper.cfbundle; includeInIndex = 0; path = FlickrUITests.xctest; sourceTree = BUILT_PRODUCTS_DIR; };
		9196D2782C1242D9000D00C4 /* PostDetailsView.swift */ = {isa = PBXFileReference; fileEncoding = 4; lastKnownFileType = sourcecode.swift; path = PostDetailsView.swift; sourceTree = "<group>"; };
		9196D27B2C1242D9000D00C4 /* PostsGridView.swift */ = {isa = PBXFileReference; fileEncoding = 4; lastKnownFileType = sourcecode.swift; path = PostsGridView.swift; sourceTree = "<group>"; };
		9196D27D2C1242D9000D00C4 /* PostsView.swift */ = {isa = PBXFileReference; fileEncoding = 4; lastKnownFileType = sourcecode.swift; path = PostsView.swift; sourceTree = "<group>"; };
		9196D27F2C1242D9000D00C4 /* PostsViewModel.swift */ = {isa = PBXFileReference; fileEncoding = 4; lastKnownFileType = sourcecode.swift; path = PostsViewModel.swift; sourceTree = "<group>"; };
		9196D2832C1242D9000D00C4 /* CGSize+Extensions.swift */ = {isa = PBXFileReference; fileEncoding = 4; lastKnownFileType = sourcecode.swift; path = "CGSize+Extensions.swift"; sourceTree = "<group>"; };
		9196D2842C1242D9000D00C4 /* Date+Extensions.swift */ = {isa = PBXFileReference; fileEncoding = 4; lastKnownFileType = sourcecode.swift; path = "Date+Extensions.swift"; sourceTree = "<group>"; };
		9196D2852C1242D9000D00C4 /* String+Extensions.swift */ = {isa = PBXFileReference; fileEncoding = 4; lastKnownFileType = sourcecode.swift; path = "String+Extensions.swift"; sourceTree = "<group>"; };
		9196D2872C1242D9000D00C4 /* AppError.swift */ = {isa = PBXFileReference; fileEncoding = 4; lastKnownFileType = sourcecode.swift; path = AppError.swift; sourceTree = "<group>"; };
		9196D2882C1242D9000D00C4 /* Posts.swift */ = {isa = PBXFileReference; fileEncoding = 4; lastKnownFileType = sourcecode.swift; path = Posts.swift; sourceTree = "<group>"; };
		9196D2892C1242D9000D00C4 /* Post.swift */ = {isa = PBXFileReference; fileEncoding = 4; lastKnownFileType = sourcecode.swift; path = Post.swift; sourceTree = "<group>"; };
		9196D28A2C1242D9000D00C4 /* PostMedia.swift */ = {isa = PBXFileReference; fileEncoding = 4; lastKnownFileType = sourcecode.swift; path = PostMedia.swift; sourceTree = "<group>"; };
		9196D28C2C1242D9000D00C4 /* Service.swift */ = {isa = PBXFileReference; fileEncoding = 4; lastKnownFileType = sourcecode.swift; path = Service.swift; sourceTree = "<group>"; };
/* End PBXFileReference section */

/* Begin PBXFrameworksBuildPhase section */
		9196D2252C124256000D00C4 /* Frameworks */ = {
			isa = PBXFrameworksBuildPhase;
			buildActionMask = 2147483647;
			files = (
			);
			runOnlyForDeploymentPostprocessing = 0;
		};
		9196D2352C124257000D00C4 /* Frameworks */ = {
			isa = PBXFrameworksBuildPhase;
			buildActionMask = 2147483647;
			files = (
			);
			runOnlyForDeploymentPostprocessing = 0;
		};
		9196D23F2C124257000D00C4 /* Frameworks */ = {
			isa = PBXFrameworksBuildPhase;
			buildActionMask = 2147483647;
			files = (
			);
			runOnlyForDeploymentPostprocessing = 0;
		};
/* End PBXFrameworksBuildPhase section */

/* Begin PBXGroup section */
		913012162C135CCE001EFF99 /* ViewModel */ = {
			isa = PBXGroup;
			children = (
				913012172C135CE5001EFF99 /* PostDetailsViewModel.swift */,
			);
			path = ViewModel;
			sourceTree = "<group>";
		};
		914831B92C1395E600BD0593 /* Extensions */ = {
			isa = PBXGroup;
			children = (
				9196D23C2C124257000D00C4 /* StringExtensionsTests.swift */,
			);
			path = Extensions;
			sourceTree = "<group>";
		};
		914831BA2C1395FB00BD0593 /* PostDetails */ = {
			isa = PBXGroup;
			children = (
				914831BB2C13962100BD0593 /* ViewModel */,
			);
			path = PostDetails;
			sourceTree = "<group>";
		};
		914831BB2C13962100BD0593 /* ViewModel */ = {
			isa = PBXGroup;
			children = (
				914831BC2C13965800BD0593 /* PostDetailsViewModelTests.swift */,
			);
			path = ViewModel;
			sourceTree = "<group>";
		};
		914831BE2C1399DD00BD0593 /* Posts */ = {
			isa = PBXGroup;
			children = (
				914831BF2C1399E300BD0593 /* ViewModel */,
			);
			path = Posts;
			sourceTree = "<group>";
		};
		914831BF2C1399E300BD0593 /* ViewModel */ = {
			isa = PBXGroup;
			children = (
				914831C02C1399F000BD0593 /* PostsViewModelTests.swift */,
			);
			path = ViewModel;
			sourceTree = "<group>";
		};
		914831C22C13A09400BD0593 /* Core */ = {
			isa = PBXGroup;
			children = (
				914831BE2C1399DD00BD0593 /* Posts */,
				914831BA2C1395FB00BD0593 /* PostDetails */,
			);
			path = Core;
			sourceTree = "<group>";
		};
		9196D21F2C124256000D00C4 = {
			isa = PBXGroup;
			children = (
				9196D22A2C124256000D00C4 /* Flickr */,
				9196D23B2C124257000D00C4 /* FlickrTests */,
				9196D2292C124256000D00C4 /* Products */,
			);
			sourceTree = "<group>";
		};
		9196D2292C124256000D00C4 /* Products */ = {
			isa = PBXGroup;
			children = (
				9196D2282C124256000D00C4 /* Flickr.app */,
				9196D2382C124257000D00C4 /* FlickrTests.xctest */,
				9196D2422C124257000D00C4 /* FlickrUITests.xctest */,
			);
			name = Products;
			sourceTree = "<group>";
		};
		9196D22A2C124256000D00C4 /* Flickr */ = {
			isa = PBXGroup;
			children = (
				9196D22B2C124256000D00C4 /* FlickrApp.swift */,
				9196D2822C1242D9000D00C4 /* Core */,
				9196D2862C1242D9000D00C4 /* Extensions */,
				9196D28B2C1242D9000D00C4 /* Model */,
				9196D28D2C1242D9000D00C4 /* Services */,
				9196D22F2C124256000D00C4 /* Assets.xcassets */,
				9196D2312C124256000D00C4 /* Preview Content */,
			);
			path = Flickr;
			sourceTree = "<group>";
		};
		9196D2312C124256000D00C4 /* Preview Content */ = {
			isa = PBXGroup;
			children = (
				9196D2322C124256000D00C4 /* Preview Assets.xcassets */,
			);
			path = "Preview Content";
			sourceTree = "<group>";
		};
		9196D23B2C124257000D00C4 /* FlickrTests */ = {
			isa = PBXGroup;
			children = (
				914831C22C13A09400BD0593 /* Core */,
				914831B92C1395E600BD0593 /* Extensions */,
			);
			path = FlickrTests;
			sourceTree = "<group>";
		};
		9196D2792C1242D9000D00C4 /* View */ = {
			isa = PBXGroup;
			children = (
				913012192C138390001EFF99 /* PostCell.swift */,
				9196D2782C1242D9000D00C4 /* PostDetailsView.swift */,
			);
			path = View;
			sourceTree = "<group>";
		};
		9196D27A2C1242D9000D00C4 /* PostDetails */ = {
			isa = PBXGroup;
			children = (
				9196D2792C1242D9000D00C4 /* View */,
				913012162C135CCE001EFF99 /* ViewModel */,
			);
			path = PostDetails;
			sourceTree = "<group>";
		};
		9196D27E2C1242D9000D00C4 /* View */ = {
			isa = PBXGroup;
			children = (
				9196D27B2C1242D9000D00C4 /* PostsGridView.swift */,
				9196D27D2C1242D9000D00C4 /* PostsView.swift */,
			);
			path = View;
			sourceTree = "<group>";
		};
		9196D2802C1242D9000D00C4 /* ViewModel */ = {
			isa = PBXGroup;
			children = (
				9196D27F2C1242D9000D00C4 /* PostsViewModel.swift */,
			);
			path = ViewModel;
			sourceTree = "<group>";
		};
		9196D2812C1242D9000D00C4 /* Posts */ = {
			isa = PBXGroup;
			children = (
				9196D27E2C1242D9000D00C4 /* View */,
				9196D2802C1242D9000D00C4 /* ViewModel */,
			);
			path = Posts;
			sourceTree = "<group>";
		};
		9196D2822C1242D9000D00C4 /* Core */ = {
			isa = PBXGroup;
			children = (
				9196D27A2C1242D9000D00C4 /* PostDetails */,
				9196D2812C1242D9000D00C4 /* Posts */,
			);
			path = Core;
			sourceTree = "<group>";
		};
		9196D2862C1242D9000D00C4 /* Extensions */ = {
			isa = PBXGroup;
			children = (
				9196D2832C1242D9000D00C4 /* CGSize+Extensions.swift */,
				9196D2842C1242D9000D00C4 /* Date+Extensions.swift */,
				9196D2852C1242D9000D00C4 /* String+Extensions.swift */,
			);
			path = Extensions;
			sourceTree = "<group>";
		};
		9196D28B2C1242D9000D00C4 /* Model */ = {
			isa = PBXGroup;
			children = (
				9196D2872C1242D9000D00C4 /* AppError.swift */,
				9196D2892C1242D9000D00C4 /* Post.swift */,
				9196D28A2C1242D9000D00C4 /* PostMedia.swift */,
				9196D2882C1242D9000D00C4 /* Posts.swift */,
				913012142C12AB0C001EFF99 /* PreviewProvider.swift */,
			);
			path = Model;
			sourceTree = "<group>";
		};
		9196D28D2C1242D9000D00C4 /* Services */ = {
			isa = PBXGroup;
			children = (
				9196D28C2C1242D9000D00C4 /* Service.swift */,
				913012122C12AAD2001EFF99 /* ServiceMock.swift */,
				913012102C12AA91001EFF99 /* ServiceProtocol.swift */,
			);
			path = Services;
			sourceTree = "<group>";
		};
/* End PBXGroup section */

/* Begin PBXNativeTarget section */
		9196D2272C124256000D00C4 /* Flickr */ = {
			isa = PBXNativeTarget;
			buildConfigurationList = 9196D24C2C124257000D00C4 /* Build configuration list for PBXNativeTarget "Flickr" */;
			buildPhases = (
				9196D2242C124256000D00C4 /* Sources */,
				9196D2252C124256000D00C4 /* Frameworks */,
				9196D2262C124256000D00C4 /* Resources */,
			);
			buildRules = (
			);
			dependencies = (
			);
			name = Flickr;
			productName = Flickr;
			productReference = 9196D2282C124256000D00C4 /* Flickr.app */;
			productType = "com.apple.product-type.application";
		};
		9196D2372C124257000D00C4 /* FlickrTests */ = {
			isa = PBXNativeTarget;
			buildConfigurationList = 9196D24F2C124257000D00C4 /* Build configuration list for PBXNativeTarget "FlickrTests" */;
			buildPhases = (
				9196D2342C124257000D00C4 /* Sources */,
				9196D2352C124257000D00C4 /* Frameworks */,
				9196D2362C124257000D00C4 /* Resources */,
			);
			buildRules = (
			);
			dependencies = (
				9196D23A2C124257000D00C4 /* PBXTargetDependency */,
			);
			name = FlickrTests;
			productName = FlickrTests;
			productReference = 9196D2382C124257000D00C4 /* FlickrTests.xctest */;
			productType = "com.apple.product-type.bundle.unit-test";
		};
		9196D2412C124257000D00C4 /* FlickrUITests */ = {
			isa = PBXNativeTarget;
			buildConfigurationList = 9196D2522C124257000D00C4 /* Build configuration list for PBXNativeTarget "FlickrUITests" */;
			buildPhases = (
				9196D23E2C124257000D00C4 /* Sources */,
				9196D23F2C124257000D00C4 /* Frameworks */,
				9196D2402C124257000D00C4 /* Resources */,
			);
			buildRules = (
			);
			dependencies = (
				9196D2442C124257000D00C4 /* PBXTargetDependency */,
			);
			name = FlickrUITests;
			productName = FlickrUITests;
			productReference = 9196D2422C124257000D00C4 /* FlickrUITests.xctest */;
			productType = "com.apple.product-type.bundle.ui-testing";
		};
/* End PBXNativeTarget section */

/* Begin PBXProject section */
		9196D2202C124256000D00C4 /* Project object */ = {
			isa = PBXProject;
			attributes = {
				BuildIndependentTargetsInParallel = 1;
				LastSwiftUpdateCheck = 1530;
				LastUpgradeCheck = 1530;
				TargetAttributes = {
					9196D2272C124256000D00C4 = {
						CreatedOnToolsVersion = 15.3;
					};
					9196D2372C124257000D00C4 = {
						CreatedOnToolsVersion = 15.3;
						TestTargetID = 9196D2272C124256000D00C4;
					};
					9196D2412C124257000D00C4 = {
						CreatedOnToolsVersion = 15.3;
						TestTargetID = 9196D2272C124256000D00C4;
					};
				};
			};
			buildConfigurationList = 9196D2232C124256000D00C4 /* Build configuration list for PBXProject "Flickr" */;
			compatibilityVersion = "Xcode 14.0";
			developmentRegion = en;
			hasScannedForEncodings = 0;
			knownRegions = (
				en,
				Base,
			);
			mainGroup = 9196D21F2C124256000D00C4;
			productRefGroup = 9196D2292C124256000D00C4 /* Products */;
			projectDirPath = "";
			projectRoot = "";
			targets = (
				9196D2272C124256000D00C4 /* Flickr */,
				9196D2372C124257000D00C4 /* FlickrTests */,
				9196D2412C124257000D00C4 /* FlickrUITests */,
			);
		};
/* End PBXProject section */

/* Begin PBXResourcesBuildPhase section */
		9196D2262C124256000D00C4 /* Resources */ = {
			isa = PBXResourcesBuildPhase;
			buildActionMask = 2147483647;
			files = (
				9196D2332C124256000D00C4 /* Preview Assets.xcassets in Resources */,
				9196D2302C124256000D00C4 /* Assets.xcassets in Resources */,
			);
			runOnlyForDeploymentPostprocessing = 0;
		};
		9196D2362C124257000D00C4 /* Resources */ = {
			isa = PBXResourcesBuildPhase;
			buildActionMask = 2147483647;
			files = (
			);
			runOnlyForDeploymentPostprocessing = 0;
		};
		9196D2402C124257000D00C4 /* Resources */ = {
			isa = PBXResourcesBuildPhase;
			buildActionMask = 2147483647;
			files = (
			);
			runOnlyForDeploymentPostprocessing = 0;
		};
/* End PBXResourcesBuildPhase section */

/* Begin PBXSourcesBuildPhase section */
		9196D2242C124256000D00C4 /* Sources */ = {
			isa = PBXSourcesBuildPhase;
			buildActionMask = 2147483647;
			files = (
				9196D2922C1242D9000D00C4 /* PostsViewModel.swift in Sources */,
				9196D29A2C1242D9000D00C4 /* Service.swift in Sources */,
				9196D2902C1242D9000D00C4 /* PostsGridView.swift in Sources */,
				9196D2992C1242D9000D00C4 /* PostMedia.swift in Sources */,
				9196D2962C1242D9000D00C4 /* AppError.swift in Sources */,
				9130121A2C138390001EFF99 /* PostCell.swift in Sources */,
				913012112C12AA91001EFF99 /* ServiceProtocol.swift in Sources */,
				913012132C12AAD2001EFF99 /* ServiceMock.swift in Sources */,
				9196D2942C1242D9000D00C4 /* Date+Extensions.swift in Sources */,
				913012182C135CE5001EFF99 /* PostDetailsViewModel.swift in Sources */,
				9196D2912C1242D9000D00C4 /* PostsView.swift in Sources */,
				9196D2952C1242D9000D00C4 /* String+Extensions.swift in Sources */,
				9196D2982C1242D9000D00C4 /* Post.swift in Sources */,
				9196D22C2C124256000D00C4 /* FlickrApp.swift in Sources */,
				9196D2972C1242D9000D00C4 /* Posts.swift in Sources */,
				913012152C12AB0C001EFF99 /* PreviewProvider.swift in Sources */,
				9196D2932C1242D9000D00C4 /* CGSize+Extensions.swift in Sources */,
				9196D28F2C1242D9000D00C4 /* PostDetailsView.swift in Sources */,
			);
			runOnlyForDeploymentPostprocessing = 0;
		};
		9196D2342C124257000D00C4 /* Sources */ = {
			isa = PBXSourcesBuildPhase;
			buildActionMask = 2147483647;
			files = (
				914831C12C1399F000BD0593 /* PostsViewModelTests.swift in Sources */,
				9196D23D2C124257000D00C4 /* StringExtensionsTests.swift in Sources */,
				914831BD2C13965800BD0593 /* PostDetailsViewModelTests.swift in Sources */,
			);
			runOnlyForDeploymentPostprocessing = 0;
		};
		9196D23E2C124257000D00C4 /* Sources */ = {
			isa = PBXSourcesBuildPhase;
			buildActionMask = 2147483647;
			files = (
			);
			runOnlyForDeploymentPostprocessing = 0;
		};
/* End PBXSourcesBuildPhase section */

/* Begin PBXTargetDependency section */
		9196D23A2C124257000D00C4 /* PBXTargetDependency */ = {
			isa = PBXTargetDependency;
			target = 9196D2272C124256000D00C4 /* Flickr */;
			targetProxy = 9196D2392C124257000D00C4 /* PBXContainerItemProxy */;
		};
		9196D2442C124257000D00C4 /* PBXTargetDependency */ = {
			isa = PBXTargetDependency;
			target = 9196D2272C124256000D00C4 /* Flickr */;
			targetProxy = 9196D2432C124257000D00C4 /* PBXContainerItemProxy */;
		};
/* End PBXTargetDependency section */

/* Begin XCBuildConfiguration section */
		9196D24A2C124257000D00C4 /* Debug */ = {
			isa = XCBuildConfiguration;
			buildSettings = {
				ALWAYS_SEARCH_USER_PATHS = NO;
				ASSETCATALOG_COMPILER_GENERATE_SWIFT_ASSET_SYMBOL_EXTENSIONS = YES;
				CLANG_ANALYZER_NONNULL = YES;
				CLANG_ANALYZER_NUMBER_OBJECT_CONVERSION = YES_AGGRESSIVE;
				CLANG_CXX_LANGUAGE_STANDARD = "gnu++20";
				CLANG_ENABLE_MODULES = YES;
				CLANG_ENABLE_OBJC_ARC = YES;
				CLANG_ENABLE_OBJC_WEAK = YES;
				CLANG_WARN_BLOCK_CAPTURE_AUTORELEASING = YES;
				CLANG_WARN_BOOL_CONVERSION = YES;
				CLANG_WARN_COMMA = YES;
				CLANG_WARN_CONSTANT_CONVERSION = YES;
				CLANG_WARN_DEPRECATED_OBJC_IMPLEMENTATIONS = YES;
				CLANG_WARN_DIRECT_OBJC_ISA_USAGE = YES_ERROR;
				CLANG_WARN_DOCUMENTATION_COMMENTS = YES;
				CLANG_WARN_EMPTY_BODY = YES;
				CLANG_WARN_ENUM_CONVERSION = YES;
				CLANG_WARN_INFINITE_RECURSION = YES;
				CLANG_WARN_INT_CONVERSION = YES;
				CLANG_WARN_NON_LITERAL_NULL_CONVERSION = YES;
				CLANG_WARN_OBJC_IMPLICIT_RETAIN_SELF = YES;
				CLANG_WARN_OBJC_LITERAL_CONVERSION = YES;
				CLANG_WARN_OBJC_ROOT_CLASS = YES_ERROR;
				CLANG_WARN_QUOTED_INCLUDE_IN_FRAMEWORK_HEADER = YES;
				CLANG_WARN_RANGE_LOOP_ANALYSIS = YES;
				CLANG_WARN_STRICT_PROTOTYPES = YES;
				CLANG_WARN_SUSPICIOUS_MOVE = YES;
				CLANG_WARN_UNGUARDED_AVAILABILITY = YES_AGGRESSIVE;
				CLANG_WARN_UNREACHABLE_CODE = YES;
				CLANG_WARN__DUPLICATE_METHOD_MATCH = YES;
				COPY_PHASE_STRIP = NO;
				DEBUG_INFORMATION_FORMAT = dwarf;
				ENABLE_STRICT_OBJC_MSGSEND = YES;
				ENABLE_TESTABILITY = YES;
				ENABLE_USER_SCRIPT_SANDBOXING = YES;
				GCC_C_LANGUAGE_STANDARD = gnu17;
				GCC_DYNAMIC_NO_PIC = NO;
				GCC_NO_COMMON_BLOCKS = YES;
				GCC_OPTIMIZATION_LEVEL = 0;
				GCC_PREPROCESSOR_DEFINITIONS = (
					"DEBUG=1",
					"$(inherited)",
				);
				GCC_WARN_64_TO_32_BIT_CONVERSION = YES;
				GCC_WARN_ABOUT_RETURN_TYPE = YES_ERROR;
				GCC_WARN_UNDECLARED_SELECTOR = YES;
				GCC_WARN_UNINITIALIZED_AUTOS = YES_AGGRESSIVE;
				GCC_WARN_UNUSED_FUNCTION = YES;
				GCC_WARN_UNUSED_VARIABLE = YES;
				IPHONEOS_DEPLOYMENT_TARGET = 17.4;
				LOCALIZATION_PREFERS_STRING_CATALOGS = YES;
				MTL_ENABLE_DEBUG_INFO = INCLUDE_SOURCE;
				MTL_FAST_MATH = YES;
				ONLY_ACTIVE_ARCH = YES;
				SDKROOT = iphoneos;
				SWIFT_ACTIVE_COMPILATION_CONDITIONS = "DEBUG $(inherited)";
				SWIFT_OPTIMIZATION_LEVEL = "-Onone";
			};
			name = Debug;
		};
		9196D24B2C124257000D00C4 /* Release */ = {
			isa = XCBuildConfiguration;
			buildSettings = {
				ALWAYS_SEARCH_USER_PATHS = NO;
				ASSETCATALOG_COMPILER_GENERATE_SWIFT_ASSET_SYMBOL_EXTENSIONS = YES;
				CLANG_ANALYZER_NONNULL = YES;
				CLANG_ANALYZER_NUMBER_OBJECT_CONVERSION = YES_AGGRESSIVE;
				CLANG_CXX_LANGUAGE_STANDARD = "gnu++20";
				CLANG_ENABLE_MODULES = YES;
				CLANG_ENABLE_OBJC_ARC = YES;
				CLANG_ENABLE_OBJC_WEAK = YES;
				CLANG_WARN_BLOCK_CAPTURE_AUTORELEASING = YES;
				CLANG_WARN_BOOL_CONVERSION = YES;
				CLANG_WARN_COMMA = YES;
				CLANG_WARN_CONSTANT_CONVERSION = YES;
				CLANG_WARN_DEPRECATED_OBJC_IMPLEMENTATIONS = YES;
				CLANG_WARN_DIRECT_OBJC_ISA_USAGE = YES_ERROR;
				CLANG_WARN_DOCUMENTATION_COMMENTS = YES;
				CLANG_WARN_EMPTY_BODY = YES;
				CLANG_WARN_ENUM_CONVERSION = YES;
				CLANG_WARN_INFINITE_RECURSION = YES;
				CLANG_WARN_INT_CONVERSION = YES;
				CLANG_WARN_NON_LITERAL_NULL_CONVERSION = YES;
				CLANG_WARN_OBJC_IMPLICIT_RETAIN_SELF = YES;
				CLANG_WARN_OBJC_LITERAL_CONVERSION = YES;
				CLANG_WARN_OBJC_ROOT_CLASS = YES_ERROR;
				CLANG_WARN_QUOTED_INCLUDE_IN_FRAMEWORK_HEADER = YES;
				CLANG_WARN_RANGE_LOOP_ANALYSIS = YES;
				CLANG_WARN_STRICT_PROTOTYPES = YES;
				CLANG_WARN_SUSPICIOUS_MOVE = YES;
				CLANG_WARN_UNGUARDED_AVAILABILITY = YES_AGGRESSIVE;
				CLANG_WARN_UNREACHABLE_CODE = YES;
				CLANG_WARN__DUPLICATE_METHOD_MATCH = YES;
				COPY_PHASE_STRIP = NO;
				DEBUG_INFORMATION_FORMAT = "dwarf-with-dsym";
				ENABLE_NS_ASSERTIONS = NO;
				ENABLE_STRICT_OBJC_MSGSEND = YES;
				ENABLE_USER_SCRIPT_SANDBOXING = YES;
				GCC_C_LANGUAGE_STANDARD = gnu17;
				GCC_NO_COMMON_BLOCKS = YES;
				GCC_WARN_64_TO_32_BIT_CONVERSION = YES;
				GCC_WARN_ABOUT_RETURN_TYPE = YES_ERROR;
				GCC_WARN_UNDECLARED_SELECTOR = YES;
				GCC_WARN_UNINITIALIZED_AUTOS = YES_AGGRESSIVE;
				GCC_WARN_UNUSED_FUNCTION = YES;
				GCC_WARN_UNUSED_VARIABLE = YES;
				IPHONEOS_DEPLOYMENT_TARGET = 17.4;
				LOCALIZATION_PREFERS_STRING_CATALOGS = YES;
				MTL_ENABLE_DEBUG_INFO = NO;
				MTL_FAST_MATH = YES;
				SDKROOT = iphoneos;
				SWIFT_COMPILATION_MODE = wholemodule;
				VALIDATE_PRODUCT = YES;
			};
			name = Release;
		};
		9196D24D2C124257000D00C4 /* Debug */ = {
			isa = XCBuildConfiguration;
			buildSettings = {
				ASSETCATALOG_COMPILER_APPICON_NAME = AppIcon;
				ASSETCATALOG_COMPILER_GLOBAL_ACCENT_COLOR_NAME = AccentColor;
				CODE_SIGN_STYLE = Automatic;
				CURRENT_PROJECT_VERSION = 1;
				DEVELOPMENT_ASSET_PATHS = "\"Flickr/Preview Content\"";
				ENABLE_PREVIEWS = YES;
				GENERATE_INFOPLIST_FILE = YES;
				INFOPLIST_KEY_UIApplicationSceneManifest_Generation = YES;
				INFOPLIST_KEY_UIApplicationSupportsIndirectInputEvents = YES;
				INFOPLIST_KEY_UILaunchScreen_Generation = YES;
				INFOPLIST_KEY_UISupportedInterfaceOrientations_iPad = "UIInterfaceOrientationPortrait UIInterfaceOrientationPortraitUpsideDown UIInterfaceOrientationLandscapeLeft UIInterfaceOrientationLandscapeRight";
				INFOPLIST_KEY_UISupportedInterfaceOrientations_iPhone = "UIInterfaceOrientationPortrait UIInterfaceOrientationLandscapeLeft UIInterfaceOrientationLandscapeRight";
				LD_RUNPATH_SEARCH_PATHS = (
					"$(inherited)",
					"@executable_path/Frameworks",
				);
				MARKETING_VERSION = 1.0;
				PRODUCT_BUNDLE_IDENTIFIER = com.fornari.Flickr;
				PRODUCT_NAME = "$(TARGET_NAME)";
				SWIFT_EMIT_LOC_STRINGS = YES;
				SWIFT_VERSION = 5.0;
				TARGETED_DEVICE_FAMILY = "1,2";
			};
			name = Debug;
		};
		9196D24E2C124257000D00C4 /* Release */ = {
			isa = XCBuildConfiguration;
			buildSettings = {
				ASSETCATALOG_COMPILER_APPICON_NAME = AppIcon;
				ASSETCATALOG_COMPILER_GLOBAL_ACCENT_COLOR_NAME = AccentColor;
				CODE_SIGN_STYLE = Automatic;
				CURRENT_PROJECT_VERSION = 1;
				DEVELOPMENT_ASSET_PATHS = "\"Flickr/Preview Content\"";
				ENABLE_PREVIEWS = YES;
				GENERATE_INFOPLIST_FILE = YES;
				INFOPLIST_KEY_UIApplicationSceneManifest_Generation = YES;
				INFOPLIST_KEY_UIApplicationSupportsIndirectInputEvents = YES;
				INFOPLIST_KEY_UILaunchScreen_Generation = YES;
				INFOPLIST_KEY_UISupportedInterfaceOrientations_iPad = "UIInterfaceOrientationPortrait UIInterfaceOrientationPortraitUpsideDown UIInterfaceOrientationLandscapeLeft UIInterfaceOrientationLandscapeRight";
				INFOPLIST_KEY_UISupportedInterfaceOrientations_iPhone = "UIInterfaceOrientationPortrait UIInterfaceOrientationLandscapeLeft UIInterfaceOrientationLandscapeRight";
				LD_RUNPATH_SEARCH_PATHS = (
					"$(inherited)",
					"@executable_path/Frameworks",
				);
				MARKETING_VERSION = 1.0;
				PRODUCT_BUNDLE_IDENTIFIER = com.fornari.Flickr;
				PRODUCT_NAME = "$(TARGET_NAME)";
				SWIFT_EMIT_LOC_STRINGS = YES;
				SWIFT_VERSION = 5.0;
				TARGETED_DEVICE_FAMILY = "1,2";
			};
			name = Release;
		};
		9196D2502C124257000D00C4 /* Debug */ = {
			isa = XCBuildConfiguration;
			buildSettings = {
				ALWAYS_EMBED_SWIFT_STANDARD_LIBRARIES = YES;
				BUNDLE_LOADER = "$(TEST_HOST)";
				CODE_SIGN_STYLE = Automatic;
				CURRENT_PROJECT_VERSION = 1;
				GENERATE_INFOPLIST_FILE = YES;
				IPHONEOS_DEPLOYMENT_TARGET = 17.4;
				MARKETING_VERSION = 1.0;
				PRODUCT_BUNDLE_IDENTIFIER = com.fornari.FlickrTests;
				PRODUCT_NAME = "$(TARGET_NAME)";
				SWIFT_EMIT_LOC_STRINGS = NO;
				SWIFT_VERSION = 5.0;
				TARGETED_DEVICE_FAMILY = "1,2";
				TEST_HOST = "$(BUILT_PRODUCTS_DIR)/Flickr.app/$(BUNDLE_EXECUTABLE_FOLDER_PATH)/Flickr";
			};
			name = Debug;
		};
		9196D2512C124257000D00C4 /* Release */ = {
			isa = XCBuildConfiguration;
			buildSettings = {
				ALWAYS_EMBED_SWIFT_STANDARD_LIBRARIES = YES;
				BUNDLE_LOADER = "$(TEST_HOST)";
				CODE_SIGN_STYLE = Automatic;
				CURRENT_PROJECT_VERSION = 1;
				GENERATE_INFOPLIST_FILE = YES;
				IPHONEOS_DEPLOYMENT_TARGET = 17.4;
				MARKETING_VERSION = 1.0;
				PRODUCT_BUNDLE_IDENTIFIER = com.fornari.FlickrTests;
				PRODUCT_NAME = "$(TARGET_NAME)";
				SWIFT_EMIT_LOC_STRINGS = NO;
				SWIFT_VERSION = 5.0;
				TARGETED_DEVICE_FAMILY = "1,2";
				TEST_HOST = "$(BUILT_PRODUCTS_DIR)/Flickr.app/$(BUNDLE_EXECUTABLE_FOLDER_PATH)/Flickr";
			};
			name = Release;
		};
		9196D2532C124257000D00C4 /* Debug */ = {
			isa = XCBuildConfiguration;
			buildSettings = {
				ALWAYS_EMBED_SWIFT_STANDARD_LIBRARIES = YES;
				CODE_SIGN_STYLE = Automatic;
				CURRENT_PROJECT_VERSION = 1;
				GENERATE_INFOPLIST_FILE = YES;
				MARKETING_VERSION = 1.0;
				PRODUCT_BUNDLE_IDENTIFIER = com.fornari.FlickrUITests;
				PRODUCT_NAME = "$(TARGET_NAME)";
				SWIFT_EMIT_LOC_STRINGS = NO;
				SWIFT_VERSION = 5.0;
				TARGETED_DEVICE_FAMILY = "1,2";
				TEST_TARGET_NAME = Flickr;
			};
			name = Debug;
		};
		9196D2542C124257000D00C4 /* Release */ = {
			isa = XCBuildConfiguration;
			buildSettings = {
				ALWAYS_EMBED_SWIFT_STANDARD_LIBRARIES = YES;
				CODE_SIGN_STYLE = Automatic;
				CURRENT_PROJECT_VERSION = 1;
				GENERATE_INFOPLIST_FILE = YES;
				MARKETING_VERSION = 1.0;
				PRODUCT_BUNDLE_IDENTIFIER = com.fornari.FlickrUITests;
				PRODUCT_NAME = "$(TARGET_NAME)";
				SWIFT_EMIT_LOC_STRINGS = NO;
				SWIFT_VERSION = 5.0;
				TARGETED_DEVICE_FAMILY = "1,2";
				TEST_TARGET_NAME = Flickr;
			};
			name = Release;
		};
/* End XCBuildConfiguration section */

/* Begin XCConfigurationList section */
		9196D2232C124256000D00C4 /* Build configuration list for PBXProject "Flickr" */ = {
			isa = XCConfigurationList;
			buildConfigurations = (
				9196D24A2C124257000D00C4 /* Debug */,
				9196D24B2C124257000D00C4 /* Release */,
			);
			defaultConfigurationIsVisible = 0;
			defaultConfigurationName = Release;
		};
		9196D24C2C124257000D00C4 /* Build configuration list for PBXNativeTarget "Flickr" */ = {
			isa = XCConfigurationList;
			buildConfigurations = (
				9196D24D2C124257000D00C4 /* Debug */,
				9196D24E2C124257000D00C4 /* Release */,
			);
			defaultConfigurationIsVisible = 0;
			defaultConfigurationName = Release;
		};
		9196D24F2C124257000D00C4 /* Build configuration list for PBXNativeTarget "FlickrTests" */ = {
			isa = XCConfigurationList;
			buildConfigurations = (
				9196D2502C124257000D00C4 /* Debug */,
				9196D2512C124257000D00C4 /* Release */,
			);
			defaultConfigurationIsVisible = 0;
			defaultConfigurationName = Release;
		};
		9196D2522C124257000D00C4 /* Build configuration list for PBXNativeTarget "FlickrUITests" */ = {
			isa = XCConfigurationList;
			buildConfigurations = (
				9196D2532C124257000D00C4 /* Debug */,
				9196D2542C124257000D00C4 /* Release */,
			);
			defaultConfigurationIsVisible = 0;
			defaultConfigurationName = Release;
		};
/* End XCConfigurationList section */
	};
	rootObject = 9196D2202C124256000D00C4 /* Project object */;
}
